
Microsoft Visual Studio Solution File, Format Version 12.00
# Visual Studio Version 16
VisualStudioVersion = 16.0.35130.168
MinimumVisualStudioVersion = 10.0.40219.1
Project("{FAE04EC0-301F-11D3-BF4B-00C04F79EFBC}") = "Jugador Cansado", "Jugador Cansado\Jugador Cansado.csproj", "{AE834C10-083F-4C5C-8D77-79F516DDAB0E}"
EndProject
Global
	GlobalSection(SolutionConfigurationPlatforms) = preSolution
		Debug|Any CPU = Debug|Any CPU
		Release|Any CPU = Release|Any CPU
	EndGlobalSection
	GlobalSection(ProjectConfigurationPlatforms) = postSolution
		{AE834C10-083F-4C5C-8D77-79F516DDAB0E}.Debug|Any CPU.ActiveCfg = Debug|Any CPU
		{AE834C10-083F-4C5C-8D77-79F516DDAB0E}.Debug|Any CPU.Build.0 = Debug|Any CPU
		{AE834C10-083F-4C5C-8D77-79F516DDAB0E}.Release|Any CPU.ActiveCfg = Release|Any CPU
		{AE834C10-083F-4C5C-8D77-79F516DDAB0E}.Release|Any CPU.Build.0 = Release|Any CPU
	EndGlobalSection
	GlobalSection(SolutionProperties) = preSolution
		HideSolutionNode = FALSE
	EndGlobalSection
	GlobalSection(ExtensibilityGlobals) = postSolution
		SolutionGuid = {11845B6B-C7B9-43C4-B3BB-C4DA505411C9}
	EndGlobalSection
EndGlobal
